{
  "name": "ecoflow-exporter",
  "version": "1.0.0",
  "lockfileVersion": 3,
  "requires": true,
  "packages": {
    "": {
      "name": "ecoflow-exporter",
      "version": "1.0.0",
      "license": "ISC",
      "dependencies": {
        "@ecoflow-api/rest-client": "^0.0.13"
      }
    },
    "node_modules/@ecoflow-api/rest-client": {
      "version": "0.0.13",
      "resolved": "http://registry.rozetka.company/repository/npm-rzk-proxy/@ecoflow-api/rest-client/-/rest-client-0.0.13.tgz",
      "integrity": "sha512-FoLKPYbL1wxa2g3oOo2X9XIVul/a2b1k1lzaqWtESk9jAqXUhF/14ScYIMLp5llzXcKNM8CYHW1Oa+xoOr+NkQ==",
      "license": "MIT",
      "dependencies": {
        "@ecoflow-api/schemas": "0.0.13"
      }
    },
    "node_modules/@ecoflow-api/schemas": {
      "version": "0.0.13",
      "resolved": "http://registry.rozetka.company/repository/npm-rzk-proxy/@ecoflow-api/schemas/-/schemas-0.0.13.tgz",
      "integrity": "sha512-vM+zTGok8iiWd/IducgaelTftiK0u0v08KHjk2VjLhHUHEbdX0i2c7w2YjSbDxLu1cz79uBLHXUQOESg6P+GFQ==",
      "license": "MIT",
      "dependencies": {
        "zod": "^3.23.8"
      }
    },
    "node_modules/zod": {
      "version": "3.23.8",
      "resolved": "http://registry.rozetka.company/repository/npm-rzk-proxy/zod/-/zod-3.23.8.tgz",
      "integrity": "sha512-XBx9AXhXktjUqnepgTiE5flcKIYWi/rme0Eaj+5Y0lftuGBq+jyRu/md4WnuxqgP1ubdpNCsYEYPxrzVHD8d6g==",
      "license": "MIT",
      "funding": {
        "url": "https://github.com/sponsors/colinhacks"
      }
    }
  }
}
